
Microsoft Visual Studio Solution File, Format Version 12.00
# Visual Studio 15
VisualStudioVersion = 15.0.27130.2024
MinimumVisualStudioVersion = 10.0.40219.1
Project("{9A19103F-16F7-4668-BE54-9A1E7A4F7556}") = "EccLibCSTesting", "EccLibCSTesting\EccLibCSTesting.csproj", "{05807CA3-C7B6-4C58-A2D7-D171CD142E80}"
EndProject
Project("{FAE04EC0-301F-11D3-BF4B-00C04F79EFBC}") = "GenerateCSBindings", "GenerateCSBindings\GenerateCSBindings.csproj", "{97E7C53F-E510-4E2D-BB7D-838AC249A9D3}"
EndProject
Global
	GlobalSection(SolutionConfigurationPlatforms) = preSolution
		Debug|Any CPU = Debug|Any CPU
		Debug|x64 = Debug|x64
		Release|Any CPU = Release|Any CPU
		Release|x64 = Release|x64
	EndGlobalSection
	GlobalSection(ProjectConfigurationPlatforms) = postSolution
		{05807CA3-C7B6-4C58-A2D7-D171CD142E80}.Debug|Any CPU.ActiveCfg = Debug|Any CPU
		{05807CA3-C7B6-4C58-A2D7-D171CD142E80}.Debug|Any CPU.Build.0 = Debug|Any CPU
		{05807CA3-C7B6-4C58-A2D7-D171CD142E80}.Debug|x64.ActiveCfg = Debug|Any CPU
		{05807CA3-C7B6-4C58-A2D7-D171CD142E80}.Debug|x64.Build.0 = Debug|Any CPU
		{05807CA3-C7B6-4C58-A2D7-D171CD142E80}.Release|Any CPU.ActiveCfg = Release|Any CPU
		{05807CA3-C7B6-4C58-A2D7-D171CD142E80}.Release|Any CPU.Build.0 = Release|Any CPU
		{05807CA3-C7B6-4C58-A2D7-D171CD142E80}.Release|x64.ActiveCfg = Release|Any CPU
		{05807CA3-C7B6-4C58-A2D7-D171CD142E80}.Release|x64.Build.0 = Release|Any CPU
		{97E7C53F-E510-4E2D-BB7D-838AC249A9D3}.Debug|Any CPU.ActiveCfg = Debug|Any CPU
		{97E7C53F-E510-4E2D-BB7D-838AC249A9D3}.Debug|Any CPU.Build.0 = Debug|Any CPU
		{97E7C53F-E510-4E2D-BB7D-838AC249A9D3}.Debug|x64.ActiveCfg = Debug|x64
		{97E7C53F-E510-4E2D-BB7D-838AC249A9D3}.Debug|x64.Build.0 = Debug|x64
		{97E7C53F-E510-4E2D-BB7D-838AC249A9D3}.Release|Any CPU.ActiveCfg = Release|Any CPU
		{97E7C53F-E510-4E2D-BB7D-838AC249A9D3}.Release|Any CPU.Build.0 = Release|Any CPU
		{97E7C53F-E510-4E2D-BB7D-838AC249A9D3}.Release|x64.ActiveCfg = Release|x64
		{97E7C53F-E510-4E2D-BB7D-838AC249A9D3}.Release|x64.Build.0 = Release|x64
	EndGlobalSection
	GlobalSection(SolutionProperties) = preSolution
		HideSolutionNode = FALSE
	EndGlobalSection
	GlobalSection(ExtensibilityGlobals) = postSolution
		SolutionGuid = {7057F564-D74B-4010-9CE3-2744165DCF13}
	EndGlobalSection
EndGlobal
